
Microsoft Visual Studio Solution File, Format Version 12.00
# Visual Studio Version 16
VisualStudioVersion = 16.0.30204.135
MinimumVisualStudioVersion = 10.0.40219.1
Project("{9A19103F-16F7-4668-BE54-9A1E7A4F7556}") = "ImporDateFromExceltoDB", "ImporDateFromExceltoDB\ImporDateFromExceltoDB.csproj", "{1CD85900-94F5-424F-97E0-B5C0106B7D17}"
EndProject
Project("{9A19103F-16F7-4668-BE54-9A1E7A4F7556}") = "LinqLesson", "LinqLesson\LinqLesson.csproj", "{0C47A6C6-4B3C-45A7-90E9-752EE6EDDECE}"
EndProject
Project("{9A19103F-16F7-4668-BE54-9A1E7A4F7556}") = "WpfLessons", "WpfLessons\WpfLessons.csproj", "{FF60D9DD-7B68-4455-8684-A46453B04C38}"
EndProject
Project("{9A19103F-16F7-4668-BE54-9A1E7A4F7556}") = "CLR_SVGToZPL", "CLR_SVGToZPL\CLR_SVGToZPL.csproj", "{97909406-A269-4BBE-A345-6355A17AD09E}"
EndProject
Project("{9A19103F-16F7-4668-BE54-9A1E7A4F7556}") = "SVGtoZPL22", "SVGtoZPL22\SVGtoZPL22.csproj", "{A4218523-5123-47FD-9E1F-4FFC45523C2B}"
EndProject
Project("{FAE04EC0-301F-11D3-BF4B-00C04F79EFBC}") = "Тест печати", "Тест печати\Тест печати.csproj", "{4C984FB2-849F-4745-B262-204ED264B5AE}"
EndProject
Project("{FAE04EC0-301F-11D3-BF4B-00C04F79EFBC}") = "LessonOtXrist1", "LessonOtXrist1\LessonOtXrist1.csproj", "{A0F9973A-683F-4C75-B21E-C8D24FAEF2E0}"
EndProject
Global
	GlobalSection(SolutionConfigurationPlatforms) = preSolution
		Debug|Any CPU = Debug|Any CPU
		Release|Any CPU = Release|Any CPU
	EndGlobalSection
	GlobalSection(ProjectConfigurationPlatforms) = postSolution
		{1CD85900-94F5-424F-97E0-B5C0106B7D17}.Debug|Any CPU.ActiveCfg = Debug|Any CPU
		{1CD85900-94F5-424F-97E0-B5C0106B7D17}.Debug|Any CPU.Build.0 = Debug|Any CPU
		{1CD85900-94F5-424F-97E0-B5C0106B7D17}.Release|Any CPU.ActiveCfg = Release|Any CPU
		{1CD85900-94F5-424F-97E0-B5C0106B7D17}.Release|Any CPU.Build.0 = Release|Any CPU
		{0C47A6C6-4B3C-45A7-90E9-752EE6EDDECE}.Debug|Any CPU.ActiveCfg = Debug|Any CPU
		{0C47A6C6-4B3C-45A7-90E9-752EE6EDDECE}.Debug|Any CPU.Build.0 = Debug|Any CPU
		{0C47A6C6-4B3C-45A7-90E9-752EE6EDDECE}.Release|Any CPU.ActiveCfg = Release|Any CPU
		{0C47A6C6-4B3C-45A7-90E9-752EE6EDDECE}.Release|Any CPU.Build.0 = Release|Any CPU
		{FF60D9DD-7B68-4455-8684-A46453B04C38}.Debug|Any CPU.ActiveCfg = Debug|Any CPU
		{FF60D9DD-7B68-4455-8684-A46453B04C38}.Debug|Any CPU.Build.0 = Debug|Any CPU
		{FF60D9DD-7B68-4455-8684-A46453B04C38}.Release|Any CPU.ActiveCfg = Release|Any CPU
		{FF60D9DD-7B68-4455-8684-A46453B04C38}.Release|Any CPU.Build.0 = Release|Any CPU
		{97909406-A269-4BBE-A345-6355A17AD09E}.Debug|Any CPU.ActiveCfg = Debug|Any CPU
		{97909406-A269-4BBE-A345-6355A17AD09E}.Debug|Any CPU.Build.0 = Debug|Any CPU
		{97909406-A269-4BBE-A345-6355A17AD09E}.Release|Any CPU.ActiveCfg = Release|Any CPU
		{97909406-A269-4BBE-A345-6355A17AD09E}.Release|Any CPU.Build.0 = Release|Any CPU
		{A4218523-5123-47FD-9E1F-4FFC45523C2B}.Debug|Any CPU.ActiveCfg = Debug|Any CPU
		{A4218523-5123-47FD-9E1F-4FFC45523C2B}.Debug|Any CPU.Build.0 = Debug|Any CPU
		{A4218523-5123-47FD-9E1F-4FFC45523C2B}.Release|Any CPU.ActiveCfg = Release|Any CPU
		{A4218523-5123-47FD-9E1F-4FFC45523C2B}.Release|Any CPU.Build.0 = Release|Any CPU
		{4C984FB2-849F-4745-B262-204ED264B5AE}.Debug|Any CPU.ActiveCfg = Debug|Any CPU
		{4C984FB2-849F-4745-B262-204ED264B5AE}.Debug|Any CPU.Build.0 = Debug|Any CPU
		{4C984FB2-849F-4745-B262-204ED264B5AE}.Release|Any CPU.ActiveCfg = Release|Any CPU
		{4C984FB2-849F-4745-B262-204ED264B5AE}.Release|Any CPU.Build.0 = Release|Any CPU
		{A0F9973A-683F-4C75-B21E-C8D24FAEF2E0}.Debug|Any CPU.ActiveCfg = Debug|Any CPU
		{A0F9973A-683F-4C75-B21E-C8D24FAEF2E0}.Debug|Any CPU.Build.0 = Debug|Any CPU
		{A0F9973A-683F-4C75-B21E-C8D24FAEF2E0}.Release|Any CPU.ActiveCfg = Release|Any CPU
		{A0F9973A-683F-4C75-B21E-C8D24FAEF2E0}.Release|Any CPU.Build.0 = Release|Any CPU
	EndGlobalSection
	GlobalSection(SolutionProperties) = preSolution
		HideSolutionNode = FALSE
	EndGlobalSection
	GlobalSection(ExtensibilityGlobals) = postSolution
		SolutionGuid = {B6C3B2D4-5434-4FAC-B221-6C1F205C4E0B}
	EndGlobalSection
EndGlobal
